// !$*UTF8*$!
{
	archiveVersion = 1;
	classes = {
	};
	objectVersion = 46;
	objects = {

/* Begin PBXBuildFile section */
		18B26B461B4269910088834E /* main.m in Sources */ = {isa = PBXBuildFile; fileRef = 18B26B451B4269910088834E /* main.m */; };
		18B26B491B4269910088834E /* AppDelegate.m in Sources */ = {isa = PBXBuildFile; fileRef = 18B26B481B4269910088834E /* AppDelegate.m */; };
		18B26B4C1B4269910088834E /* ViewController.m in Sources */ = {isa = PBXBuildFile; fileRef = 18B26B4B1B4269910088834E /* ViewController.m */; };
		18B26B4F1B4269910088834E /* Main.storyboard in Resources */ = {isa = PBXBuildFile; fileRef = 18B26B4D1B4269910088834E /* Main.storyboard */; };
		18B26B511B4269910088834E /* Images.xcassets in Resources */ = {isa = PBXBuildFile; fileRef = 18B26B501B4269910088834E /* Images.xcassets */; };
		18B26B541B4269910088834E /* LaunchScreen.xib in Resources */ = {isa = PBXBuildFile; fileRef = 18B26B521B4269910088834E /* LaunchScreen.xib */; };
		18B26B601B4269910088834E /* GestureLockTests.m in Sources */ = {isa = PBXBuildFile; fileRef = 18B26B5F1B4269910088834E /* GestureLockTests.m */; };
/* End PBXBuildFile section */

/* Begin PBXContainerItemProxy section */
		18B26B5A1B4269910088834E /* PBXContainerItemProxy */ = {
			isa = PBXContainerItemProxy;
			containerPortal = 18B26B381B4269910088834E /* Project object */;
			proxyType = 1;
			remoteGlobalIDString = 18B26B3F1B4269910088834E;
			remoteInfo = GestureLock;
		};
/* End PBXContainerItemProxy section */

/* Begin PBXFileReference section */
		18B26B401B4269910088834E /* GestureLock.app */ = {isa = PBXFileReference; explicitFileType = wrapper.application; includeInIndex = 0; path = GestureLock.app; sourceTree = BUILT_PRODUCTS_DIR; };
		18B26B441B4269910088834E /* Info.plist */ = {isa = PBXFileReference; lastKnownFileType = text.plist.xml; path = Info.plist; sourceTree = "<group>"; };
		18B26B451B4269910088834E /* main.m */ = {isa = PBXFileReference; lastKnownFileType = sourcecode.c.objc; path = main.m; sourceTree = "<group>"; };
		18B26B471B4269910088834E /* AppDelegate.h */ = {isa = PBXFileReference; lastKnownFileType = sourcecode.c.h; path = AppDelegate.h; sourceTree = "<group>"; };
		18B26B481B4269910088834E /* AppDelegate.m */ = {isa = PBXFileReference; lastKnownFileType = sourcecode.c.objc; path = AppDelegate.m; sourceTree = "<group>"; };
		18B26B4A1B4269910088834E /* ViewController.h */ = {isa = PBXFileReference; lastKnownFileType = sourcecode.c.h; path = ViewController.h; sourceTree = "<group>"; };
		18B26B4B1B4269910088834E /* ViewController.m */ = {isa = PBXFileReference; lastKnownFileType = sourcecode.c.objc; path = ViewController.m; sourceTree = "<group>"; };
		18B26B4E1B4269910088834E /* Base */ = {isa = PBXFileReference; lastKnownFileType = file.storyboard; name = Base; path = Base.lproj/Main.storyboard; sourceTree = "<group>"; };
		18B26B501B4269910088834E /* Images.xcassets */ = {isa = PBXFileReference; lastKnownFileType = folder.assetcatalog; path = Images.xcassets; sourceTree = "<group>"; };
		18B26B531B4269910088834E /* Base */ = {isa = PBXFileReference; lastKnownFileType = file.xib; name = Base; path = Base.lproj/LaunchScreen.xib; sourceTree = "<group>"; };
		18B26B591B4269910088834E /* GestureLockTests.xctest */ = {isa = PBXFileReference; explicitFileType = wrapper.cfbundle; includeInIndex = 0; path = GestureLockTests.xctest; sourceTree = BUILT_PRODUCTS_DIR; };
		18B26B5E1B4269910088834E /* Info.plist */ = {isa = PBXFileReference; lastKnownFileType = text.plist.xml; path = Info.plist; sourceTree = "<group>"; };
		18B26B5F1B4269910088834E /* GestureLockTests.m */ = {isa = PBXFileReference; lastKnownFileType = sourcecode.c.objc; path = GestureLockTests.m; sourceTree = "<group>"; };
/* End PBXFileReference section */

/* Begin PBXFrameworksBuildPhase section */
		18B26B3D1B4269910088834E /* Frameworks */ = {
			isa = PBXFrameworksBuildPhase;
			buildActionMask = 2147483647;
			files = (
			);
			runOnlyForDeploymentPostprocessing = 0;
		};
		18B26B561B4269910088834E /* Frameworks */ = {
			isa = PBXFrameworksBuildPhase;
			buildActionMask = 2147483647;
			files = (
			);
			runOnlyForDeploymentPostprocessing = 0;
		};
/* End PBXFrameworksBuildPhase section */

/* Begin PBXGroup section */
		18B26B371B4269910088834E = {
			isa = PBXGroup;
			children = (
				18B26B421B4269910088834E /* GestureLock */,
				18B26B5C1B4269910088834E /* GestureLockTests */,
				18B26B411B4269910088834E /* Products */,
			);
			sourceTree = "<group>";
		};
		18B26B411B4269910088834E /* Products */ = {
			isa = PBXGroup;
			children = (
				18B26B401B4269910088834E /* GestureLock.app */,
				18B26B591B4269910088834E /* GestureLockTests.xctest */,
			);
			name = Products;
			sourceTree = "<group>";
		};
		18B26B421B4269910088834E /* GestureLock */ = {
			isa = PBXGroup;
			children = (
				18B26B471B4269910088834E /* AppDelegate.h */,
				18B26B481B4269910088834E /* AppDelegate.m */,
				18B26B4A1B4269910088834E /* ViewController.h */,
				18B26B4B1B4269910088834E /* ViewController.m */,
				18B26B4D1B4269910088834E /* Main.storyboard */,
				18B26B501B4269910088834E /* Images.xcassets */,
				18B26B521B4269910088834E /* LaunchScreen.xib */,
				18B26B431B4269910088834E /* Supporting Files */,
			);
			path = GestureLock;
			sourceTree = "<group>";
		};
		18B26B431B4269910088834E /* Supporting Files */ = {
			isa = PBXGroup;
			children = (
				18B26B441B4269910088834E /* Info.plist */,
				18B26B451B4269910088834E /* main.m */,
			);
			name = "Supporting Files";
			sourceTree = "<group>";
		};
		18B26B5C1B4269910088834E /* GestureLockTests */ = {
			isa = PBXGroup;
			children = (
				18B26B5F1B4269910088834E /* GestureLockTests.m */,
				18B26B5D1B4269910088834E /* Supporting Files */,
			);
			path = GestureLockTests;
			sourceTree = "<group>";
		};
		18B26B5D1B4269910088834E /* Supporting Files */ = {
			isa = PBXGroup;
			children = (
				18B26B5E1B4269910088834E /* Info.plist */,
			);
			name = "Supporting Files";
			sourceTree = "<group>";
		};
/* End PBXGroup section */

/* Begin PBXNativeTarget section */
		18B26B3F1B4269910088834E /* GestureLock */ = {
			isa = PBXNativeTarget;
			buildConfigurationList = 18B26B631B4269910088834E /* Build configuration list for PBXNativeTarget "GestureLock" */;
			buildPhases = (
				18B26B3C1B4269910088834E /* Sources */,
				18B26B3D1B4269910088834E /* Frameworks */,
				18B26B3E1B4269910088834E /* Resources */,
			);
			buildRules = (
			);
			dependencies = (
			);
			name = GestureLock;
			productName = GestureLock;
			productReference = 18B26B401B4269910088834E /* GestureLock.app */;
			productType = "com.apple.product-type.application";
		};
		18B26B581B4269910088834E /* GestureLockTests */ = {
			isa = PBXNativeTarget;
			buildConfigurationList = 18B26B661B4269910088834E /* Build configuration list for PBXNativeTarget "GestureLockTests" */;
			buildPhases = (
				18B26B551B4269910088834E /* Sources */,
				18B26B561B4269910088834E /* Frameworks */,
				18B26B571B4269910088834E /* Resources */,
			);
			buildRules = (
			);
			dependencies = (
				18B26B5B1B4269910088834E /* PBXTargetDependency */,
			);
			name = GestureLockTests;
			productName = GestureLockTests;
			productReference = 18B26B591B4269910088834E /* GestureLockTests.xctest */;
			productType = "com.apple.product-type.bundle.unit-test";
		};
/* End PBXNativeTarget section */

/* Begin PBXProject section */
		18B26B381B4269910088834E /* Project object */ = {
			isa = PBXProject;
			attributes = {
				LastUpgradeCheck = 0630;
				ORGANIZATIONNAME = zhdwl;
				TargetAttributes = {
					18B26B3F1B4269910088834E = {
						CreatedOnToolsVersion = 6.3.2;
					};
					18B26B581B4269910088834E = {
						CreatedOnToolsVersion = 6.3.2;
						TestTargetID = 18B26B3F1B4269910088834E;
					};
				};
			};
			buildConfigurationList = 18B26B3B1B4269910088834E /* Build configuration list for PBXProject "GestureLock" */;
			compatibilityVersion = "Xcode 3.2";
			developmentRegion = English;
			hasScannedForEncodings = 0;
			knownRegions = (
				en,
				Base,
			);
			mainGroup = 18B26B371B4269910088834E;
			productRefGroup = 18B26B411B4269910088834E /* Products */;
			projectDirPath = "";
			projectRoot = "";
			targets = (
				18B26B3F1B4269910088834E /* GestureLock */,
				18B26B581B4269910088834E /* GestureLockTests */,
			);
		};
/* End PBXProject section */

/* Begin PBXResourcesBuildPhase section */
		18B26B3E1B4269910088834E /* Resources */ = {
			isa = PBXResourcesBuildPhase;
			buildActionMask = 2147483647;
			files = (
				18B26B4F1B4269910088834E /* Main.storyboard in Resources */,
				18B26B541B4269910088834E /* LaunchScreen.xib in Resources */,
				18B26B511B4269910088834E /* Images.xcassets in Resources */,
			);
			runOnlyForDeploymentPostprocessing = 0;
		};
		18B26B571B4269910088834E /* Resources */ = {
			isa = PBXResourcesBuildPhase;
			buildActionMask = 2147483647;
			files = (
			);
			runOnlyForDeploymentPostprocessing = 0;
		};
/* End PBXResourcesBuildPhase section */

/* Begin PBXSourcesBuildPhase section */
		18B26B3C1B4269910088834E /* Sources */ = {
			isa = PBXSourcesBuildPhase;
			buildActionMask = 2147483647;
			files = (
				18B26B4C1B4269910088834E /* ViewController.m in Sources */,
				18B26B491B4269910088834E /* AppDelegate.m in Sources */,
				18B26B461B4269910088834E /* main.m in Sources */,
			);
			runOnlyForDeploymentPostprocessing = 0;
		};
		18B26B551B4269910088834E /* Sources */ = {
			isa = PBXSourcesBuildPhase;
			buildActionMask = 2147483647;
			files = (
				18B26B601B4269910088834E /* GestureLockTests.m in Sources */,
			);
			runOnlyForDeploymentPostprocessing = 0;
		};
/* End PBXSourcesBuildPhase section */

/* Begin PBXTargetDependency section */
		18B26B5B1B4269910088834E /* PBXTargetDependency */ = {
			isa = PBXTargetDependency;
			target = 18B26B3F1B4269910088834E /* GestureLock */;
			targetProxy = 18B26B5A1B4269910088834E /* PBXContainerItemProxy */;
		};
/* End PBXTargetDependency section */

/* Begin PBXVariantGroup section */
		18B26B4D1B4269910088834E /* Main.storyboard */ = {
			isa = PBXVariantGroup;
			children = (
				18B26B4E1B4269910088834E /* Base */,
			);
			name = Main.storyboard;
			sourceTree = "<group>";
		};
		18B26B521B4269910088834E /* LaunchScreen.xib */ = {
			isa = PBXVariantGroup;
			children = (
				18B26B531B4269910088834E /* Base */,
			);
			name = LaunchScreen.xib;
			sourceTree = "<group>";
		};
/* End PBXVariantGroup section */

/* Begin XCBuildConfiguration section */
		18B26B611B4269910088834E /* Debug */ = {
			isa = XCBuildConfiguration;
			buildSettings = {
				ALWAYS_SEARCH_USER_PATHS = NO;
				CLANG_CXX_LANGUAGE_STANDARD = "gnu++0x";
				CLANG_CXX_LIBRARY = "libc++";
				CLANG_ENABLE_MODULES = YES;
				CLANG_ENABLE_OBJC_ARC = YES;
				CLANG_WARN_BOOL_CONVERSION = YES;
				CLANG_WARN_CONSTANT_CONVERSION = YES;
				CLANG_WARN_DIRECT_OBJC_ISA_USAGE = YES_ERROR;
				CLANG_WARN_EMPTY_BODY = YES;
				CLANG_WARN_ENUM_CONVERSION = YES;
				CLANG_WARN_INT_CONVERSION = YES;
				CLANG_WARN_OBJC_ROOT_CLASS = YES_ERROR;
				CLANG_WARN_UNREACHABLE_CODE = YES;
				CLANG_WARN__DUPLICATE_METHOD_MATCH = YES;
				"CODE_SIGN_IDENTITY[sdk=iphoneos*]" = "iPhone Developer";
				COPY_PHASE_STRIP = NO;
				DEBUG_INFORMATION_FORMAT = "dwarf-with-dsym";
				ENABLE_STRICT_OBJC_MSGSEND = YES;
				GCC_C_LANGUAGE_STANDARD = gnu99;
				GCC_DYNAMIC_NO_PIC = NO;
				GCC_NO_COMMON_BLOCKS = YES;
				GCC_OPTIMIZATION_LEVEL = 0;
				GCC_PREPROCESSOR_DEFINITIONS = (
					"DEBUG=1",
					"$(inherited)",
				);
				GCC_SYMBOLS_PRIVATE_EXTERN = NO;
				GCC_WARN_64_TO_32_BIT_CONVERSION = YES;
				GCC_WARN_ABOUT_RETURN_TYPE = YES_ERROR;
				GCC_WARN_UNDECLARED_SELECTOR = YES;
				GCC_WARN_UNINITIALIZED_AUTOS = YES_AGGRESSIVE;
				GCC_WARN_UNUSED_FUNCTION = YES;
				GCC_WARN_UNUSED_VARIABLE = YES;
				IPHONEOS_DEPLOYMENT_TARGET = 8.3;
				MTL_ENABLE_DEBUG_INFO = YES;
				ONLY_ACTIVE_ARCH = YES;
				SDKROOT = iphoneos;
			};
			name = Debug;
		};
		18B26B621B4269910088834E /* Release */ = {
			isa = XCBuildConfiguration;
			buildSettings = {
				ALWAYS_SEARCH_USER_PATHS = NO;
				CLANG_CXX_LANGUAGE_STANDARD = "gnu++0x";
				CLANG_CXX_LIBRARY = "libc++";
				CLANG_ENABLE_MODULES = YES;
				CLANG_ENABLE_OBJC_ARC = YES;
				CLANG_WARN_BOOL_CONVERSION = YES;
				CLANG_WARN_CONSTANT_CONVERSION = YES;
				CLANG_WARN_DIRECT_OBJC_ISA_USAGE = YES_ERROR;
				CLANG_WARN_EMPTY_BODY = YES;
				CLANG_WARN_ENUM_CONVERSION = YES;
				CLANG_WARN_INT_CONVERSION = YES;
				CLANG_WARN_OBJC_ROOT_CLASS = YES_ERROR;
				CLANG_WARN_UNREACHABLE_CODE = YES;
				CLANG_WARN__DUPLICATE_METHOD_MATCH = YES;
				"CODE_SIGN_IDENTITY[sdk=iphoneos*]" = "iPhone Developer";
				COPY_PHASE_STRIP = NO;
				DEBUG_INFORMATION_FORMAT = "dwarf-with-dsym";
				ENABLE_NS_ASSERTIONS = NO;
				ENABLE_STRICT_OBJC_MSGSEND = YES;
				GCC_C_LANGUAGE_STANDARD = gnu99;
				GCC_NO_COMMON_BLOCKS = YES;
				GCC_WARN_64_TO_32_BIT_CONVERSION = YES;
				GCC_WARN_ABOUT_RETURN_TYPE = YES_ERROR;
				GCC_WARN_UNDECLARED_SELECTOR = YES;
				GCC_WARN_UNINITIALIZED_AUTOS = YES_AGGRESSIVE;
				GCC_WARN_UNUSED_FUNCTION = YES;
				GCC_WARN_UNUSED_VARIABLE = YES;
				IPHONEOS_DEPLOYMENT_TARGET = 8.3;
				MTL_ENABLE_DEBUG_INFO = NO;
				SDKROOT = iphoneos;
				VALIDATE_PRODUCT = YES;
			};
			name = Release;
		};
		18B26B641B4269910088834E /* Debug */ = {
			isa = XCBuildConfiguration;
			buildSettings = {
				ASSETCATALOG_COMPILER_APPICON_NAME = AppIcon;
				INFOPLIST_FILE = GestureLock/Info.plist;
				LD_RUNPATH_SEARCH_PATHS = "$(inherited) @executable_path/Frameworks";
				PRODUCT_NAME = "$(TARGET_NAME)";
			};
			name = Debug;
		};
		18B26B651B4269910088834E /* Release */ = {
			isa = XCBuildConfiguration;
			buildSettings = {
				ASSETCATALOG_COMPILER_APPICON_NAME = AppIcon;
				INFOPLIST_FILE = GestureLock/Info.plist;
				LD_RUNPATH_SEARCH_PATHS = "$(inherited) @executable_path/Frameworks";
				PRODUCT_NAME = "$(TARGET_NAME)";
			};
			name = Release;
		};
		18B26B671B4269910088834E /* Debug */ = {
			isa = XCBuildConfiguration;
			buildSettings = {
				BUNDLE_LOADER = "$(TEST_HOST)";
				FRAMEWORK_SEARCH_PATHS = (
					"$(SDKROOT)/Developer/Library/Frameworks",
					"$(inherited)",
				);
				GCC_PREPROCESSOR_DEFINITIONS = (
					"DEBUG=1",
					"$(inherited)",
				);
				INFOPLIST_FILE = GestureLockTests/Info.plist;
				LD_RUNPATH_SEARCH_PATHS = "$(inherited) @executable_path/Frameworks @loader_path/Frameworks";
				PRODUCT_NAME = "$(TARGET_NAME)";
				TEST_HOST = "$(BUILT_PRODUCTS_DIR)/GestureLock.app/GestureLock";
			};
			name = Debug;
		};
		18B26B681B4269910088834E /* Release */ = {
			isa = XCBuildConfiguration;
			buildSettings = {
				BUNDLE_LOADER = "$(TEST_HOST)";
				FRAMEWORK_SEARCH_PATHS = (
					"$(SDKROOT)/Developer/Library/Frameworks",
					"$(inherited)",
				);
				INFOPLIST_FILE = GestureLockTests/Info.plist;
				LD_RUNPATH_SEARCH_PATHS = "$(inherited) @executable_path/Frameworks @loader_path/Frameworks";
				PRODUCT_NAME = "$(TARGET_NAME)";
				TEST_HOST = "$(BUILT_PRODUCTS_DIR)/GestureLock.app/GestureLock";
			};
			name = Release;
		};
/* End XCBuildConfiguration section */

/* Begin XCConfigurationList section */
		18B26B3B1B4269910088834E /* Build configuration list for PBXProject "GestureLock" */ = {
			isa = XCConfigurationList;
			buildConfigurations = (
				18B26B611B4269910088834E /* Debug */,
				18B26B621B4269910088834E /* Release */,
			);
			defaultConfigurationIsVisible = 0;
			defaultConfigurationName = Release;
		};
		18B26B631B4269910088834E /* Build configuration list for PBXNativeTarget "GestureLock" */ = {
			isa = XCConfigurationList;
			buildConfigurations = (
				18B26B641B4269910088834E /* Debug */,
				18B26B651B4269910088834E /* Release */,
			);
			defaultConfigurationIsVisible = 0;
		};
		18B26B661B4269910088834E /* Build configuration list for PBXNativeTarget "GestureLockTests" */ = {
			isa = XCConfigurationList;
			buildConfigurations = (
				18B26B671B4269910088834E /* Debug */,
				18B26B681B4269910088834E /* Release */,
			);
			defaultConfigurationIsVisible = 0;
		};
/* End XCConfigurationList section */
	};
	rootObject = 18B26B381B4269910088834E /* Project object */;
}
